// !$*UTF8*$!
{
	archiveVersion = 1;
	classes = {
	};
	objectVersion = 55;
	objects = {

/* Begin PBXBuildFile section */
		BE863F5527BE30C800FDBD3F /* CustomNavViewApp.swift in Sources */ = {isa = PBXBuildFile; fileRef = BE863F5427BE30C800FDBD3F /* CustomNavViewApp.swift */; };
		BE863F5727BE30C800FDBD3F /* ContentView.swift in Sources */ = {isa = PBXBuildFile; fileRef = BE863F5627BE30C800FDBD3F /* ContentView.swift */; };
		BE863F5927BE30CA00FDBD3F /* Assets.xcassets in Resources */ = {isa = PBXBuildFile; fileRef = BE863F5827BE30CA00FDBD3F /* Assets.xcassets */; };
		BE863F5C27BE30CA00FDBD3F /* Preview Assets.xcassets in Resources */ = {isa = PBXBuildFile; fileRef = BE863F5B27BE30CA00FDBD3F /* Preview Assets.xcassets */; };
		BE863F6327BE320600FDBD3F /* CustomNavBar.swift in Sources */ = {isa = PBXBuildFile; fileRef = BE863F6227BE320600FDBD3F /* CustomNavBar.swift */; };
		BE863F6527BE352E00FDBD3F /* CustomNavBarContainer.swift in Sources */ = {isa = PBXBuildFile; fileRef = BE863F6427BE352E00FDBD3F /* CustomNavBarContainer.swift */; };
		BE863F6727BE3E6B00FDBD3F /* CustomNavView.swift in Sources */ = {isa = PBXBuildFile; fileRef = BE863F6627BE3E6B00FDBD3F /* CustomNavView.swift */; };
		BE863F6927BE403900FDBD3F /* CustomNavLink.swift in Sources */ = {isa = PBXBuildFile; fileRef = BE863F6827BE403900FDBD3F /* CustomNavLink.swift */; };
		BE863F6B27BE42B500FDBD3F /* NavBarPrefKeys.swift in Sources */ = {isa = PBXBuildFile; fileRef = BE863F6A27BE42B500FDBD3F /* NavBarPrefKeys.swift */; };
/* End PBXBuildFile section */

/* Begin PBXFileReference section */
		BE863F5127BE30C800FDBD3F /* CustomNavView.app */ = {isa = PBXFileReference; explicitFileType = wrapper.application; includeInIndex = 0; path = CustomNavView.app; sourceTree = BUILT_PRODUCTS_DIR; };
		BE863F5427BE30C800FDBD3F /* CustomNavViewApp.swift */ = {isa = PBXFileReference; lastKnownFileType = sourcecode.swift; path = CustomNavViewApp.swift; sourceTree = "<group>"; };
		BE863F5627BE30C800FDBD3F /* ContentView.swift */ = {isa = PBXFileReference; lastKnownFileType = sourcecode.swift; path = ContentView.swift; sourceTree = "<group>"; };
		BE863F5827BE30CA00FDBD3F /* Assets.xcassets */ = {isa = PBXFileReference; lastKnownFileType = folder.assetcatalog; path = Assets.xcassets; sourceTree = "<group>"; };
		BE863F5B27BE30CA00FDBD3F /* Preview Assets.xcassets */ = {isa = PBXFileReference; lastKnownFileType = folder.assetcatalog; path = "Preview Assets.xcassets"; sourceTree = "<group>"; };
		BE863F6227BE320600FDBD3F /* CustomNavBar.swift */ = {isa = PBXFileReference; lastKnownFileType = sourcecode.swift; path = CustomNavBar.swift; sourceTree = "<group>"; };
		BE863F6427BE352E00FDBD3F /* CustomNavBarContainer.swift */ = {isa = PBXFileReference; lastKnownFileType = sourcecode.swift; path = CustomNavBarContainer.swift; sourceTree = "<group>"; };
		BE863F6627BE3E6B00FDBD3F /* CustomNavView.swift */ = {isa = PBXFileReference; lastKnownFileType = sourcecode.swift; path = CustomNavView.swift; sourceTree = "<group>"; };
		BE863F6827BE403900FDBD3F /* CustomNavLink.swift */ = {isa = PBXFileReference; lastKnownFileType = sourcecode.swift; path = CustomNavLink.swift; sourceTree = "<group>"; };
		BE863F6A27BE42B500FDBD3F /* NavBarPrefKeys.swift */ = {isa = PBXFileReference; lastKnownFileType = sourcecode.swift; path = NavBarPrefKeys.swift; sourceTree = "<group>"; };
/* End PBXFileReference section */

/* Begin PBXFrameworksBuildPhase section */
		BE863F4E27BE30C800FDBD3F /* Frameworks */ = {
			isa = PBXFrameworksBuildPhase;
			buildActionMask = 2147483647;
			files = (
			);
			runOnlyForDeploymentPostprocessing = 0;
		};
/* End PBXFrameworksBuildPhase section */

/* Begin PBXGroup section */
		BE863F4827BE30C800FDBD3F = {
			isa = PBXGroup;
			children = (
				BE863F5327BE30C800FDBD3F /* CustomNavView */,
				BE863F5227BE30C800FDBD3F /* Products */,
			);
			sourceTree = "<group>";
		};
		BE863F5227BE30C800FDBD3F /* Products */ = {
			isa = PBXGroup;
			children = (
				BE863F5127BE30C800FDBD3F /* CustomNavView.app */,
			);
			name = Products;
			sourceTree = "<group>";
		};
		BE863F5327BE30C800FDBD3F /* CustomNavView */ = {
			isa = PBXGroup;
			children = (
				BE863F5427BE30C800FDBD3F /* CustomNavViewApp.swift */,
				BE863F5627BE30C800FDBD3F /* ContentView.swift */,
				BE863F5827BE30CA00FDBD3F /* Assets.xcassets */,
				BE863F5A27BE30CA00FDBD3F /* Preview Content */,
				BE863F6227BE320600FDBD3F /* CustomNavBar.swift */,
				BE863F6427BE352E00FDBD3F /* CustomNavBarContainer.swift */,
				BE863F6627BE3E6B00FDBD3F /* CustomNavView.swift */,
				BE863F6827BE403900FDBD3F /* CustomNavLink.swift */,
				BE863F6A27BE42B500FDBD3F /* NavBarPrefKeys.swift */,
			);
			path = CustomNavView;
			sourceTree = "<group>";
		};
		BE863F5A27BE30CA00FDBD3F /* Preview Content */ = {
			isa = PBXGroup;
			children = (
				BE863F5B27BE30CA00FDBD3F /* Preview Assets.xcassets */,
			);
			path = "Preview Content";
			sourceTree = "<group>";
		};
/* End PBXGroup section */

/* Begin PBXNativeTarget section */
		BE863F5027BE30C800FDBD3F /* CustomNavView */ = {
			isa = PBXNativeTarget;
			buildConfigurationList = BE863F5F27BE30CA00FDBD3F /* Build configuration list for PBXNativeTarget "CustomNavView" */;
			buildPhases = (
				BE863F4D27BE30C800FDBD3F /* Sources */,
				BE863F4E27BE30C800FDBD3F /* Frameworks */,
				BE863F4F27BE30C800FDBD3F /* Resources */,
			);
			buildRules = (
			);
			dependencies = (
			);
			name = CustomNavView;
			productName = CustomNavView;
			productReference = BE863F5127BE30C800FDBD3F /* CustomNavView.app */;
			productType = "com.apple.product-type.application";
		};
/* End PBXNativeTarget section */

/* Begin PBXProject section */
		BE863F4927BE30C800FDBD3F /* Project object */ = {
			isa = PBXProject;
			attributes = {
				BuildIndependentTargetsInParallel = 1;
				LastSwiftUpdateCheck = 1320;
				LastUpgradeCheck = 1320;
				TargetAttributes = {
					BE863F5027BE30C800FDBD3F = {
						CreatedOnToolsVersion = 13.2.1;
					};
				};
			};
			buildConfigurationList = BE863F4C27BE30C800FDBD3F /* Build configuration list for PBXProject "CustomNavView" */;
			compatibilityVersion = "Xcode 13.0";
			developmentRegion = en;
			hasScannedForEncodings = 0;
			knownRegions = (
				en,
				Base,
			);
			mainGroup = BE863F4827BE30C800FDBD3F;
			productRefGroup = BE863F5227BE30C800FDBD3F /* Products */;
			projectDirPath = "";
			projectRoot = "";
			targets = (
				BE863F5027BE30C800FDBD3F /* CustomNavView */,
			);
		};
/* End PBXProject section */

/* Begin PBXResourcesBuildPhase section */
		BE863F4F27BE30C800FDBD3F /* Resources */ = {
			isa = PBXResourcesBuildPhase;
			buildActionMask = 2147483647;
			files = (
				BE863F5C27BE30CA00FDBD3F /* Preview Assets.xcassets in Resources */,
				BE863F5927BE30CA00FDBD3F /* Assets.xcassets in Resources */,
			);
			runOnlyForDeploymentPostprocessing = 0;
		};
/* End PBXResourcesBuildPhase section */

/* Begin PBXSourcesBuildPhase section */
		BE863F4D27BE30C800FDBD3F /* Sources */ = {
			isa = PBXSourcesBuildPhase;
			buildActionMask = 2147483647;
			files = (
				BE863F6327BE320600FDBD3F /* CustomNavBar.swift in Sources */,
				BE863F5727BE30C800FDBD3F /* ContentView.swift in Sources */,
				BE863F6727BE3E6B00FDBD3F /* CustomNavView.swift in Sources */,
				BE863F6527BE352E00FDBD3F /* CustomNavBarContainer.swift in Sources */,
				BE863F6B27BE42B500FDBD3F /* NavBarPrefKeys.swift in Sources */,
				BE863F6927BE403900FDBD3F /* CustomNavLink.swift in Sources */,
				BE863F5527BE30C800FDBD3F /* CustomNavViewApp.swift in Sources */,
			);
			runOnlyForDeploymentPostprocessing = 0;
		};
/* End PBXSourcesBuildPhase section */

/* Begin XCBuildConfiguration section */
		BE863F5D27BE30CA00FDBD3F /* Debug */ = {
			isa = XCBuildConfiguration;
			buildSettings = {
				ALWAYS_SEARCH_USER_PATHS = NO;
				CLANG_ANALYZER_NONNULL = YES;
				CLANG_ANALYZER_NUMBER_OBJECT_CONVERSION = YES_AGGRESSIVE;
				CLANG_CXX_LANGUAGE_STANDARD = "gnu++17";
				CLANG_CXX_LIBRARY = "libc++";
				CLANG_ENABLE_MODULES = YES;
				CLANG_ENABLE_OBJC_ARC = YES;
				CLANG_ENABLE_OBJC_WEAK = YES;
				CLANG_WARN_BLOCK_CAPTURE_AUTORELEASING = YES;
				CLANG_WARN_BOOL_CONVERSION = YES;
				CLANG_WARN_COMMA = YES;
				CLANG_WARN_CONSTANT_CONVERSION = YES;
				CLANG_WARN_DEPRECATED_OBJC_IMPLEMENTATIONS = YES;
				CLANG_WARN_DIRECT_OBJC_ISA_USAGE = YES_ERROR;
				CLANG_WARN_DOCUMENTATION_COMMENTS = YES;
				CLANG_WARN_EMPTY_BODY = YES;
				CLANG_WARN_ENUM_CONVERSION = YES;
				CLANG_WARN_INFINITE_RECURSION = YES;
				CLANG_WARN_INT_CONVERSION = YES;
				CLANG_WARN_NON_LITERAL_NULL_CONVERSION = YES;
				CLANG_WARN_OBJC_IMPLICIT_RETAIN_SELF = YES;
				CLANG_WARN_OBJC_LITERAL_CONVERSION = YES;
				CLANG_WARN_OBJC_ROOT_CLASS = YES_ERROR;
				CLANG_WARN_QUOTED_INCLUDE_IN_FRAMEWORK_HEADER = YES;
				CLANG_WARN_RANGE_LOOP_ANALYSIS = YES;
				CLANG_WARN_STRICT_PROTOTYPES = YES;
				CLANG_WARN_SUSPICIOUS_MOVE = YES;
				CLANG_WARN_UNGUARDED_AVAILABILITY = YES_AGGRESSIVE;
				CLANG_WARN_UNREACHABLE_CODE = YES;
				CLANG_WARN__DUPLICATE_METHOD_MATCH = YES;
				COPY_PHASE_STRIP = NO;
				DEBUG_INFORMATION_FORMAT = dwarf;
				ENABLE_STRICT_OBJC_MSGSEND = YES;
				ENABLE_TESTABILITY = YES;
				GCC_C_LANGUAGE_STANDARD = gnu11;
				GCC_DYNAMIC_NO_PIC = NO;
				GCC_NO_COMMON_BLOCKS = YES;
				GCC_OPTIMIZATION_LEVEL = 0;
				GCC_PREPROCESSOR_DEFINITIONS = (
					"DEBUG=1",
					"$(inherited)",
				);
				GCC_WARN_64_TO_32_BIT_CONVERSION = YES;
				GCC_WARN_ABOUT_RETURN_TYPE = YES_ERROR;
				GCC_WARN_UNDECLARED_SELECTOR = YES;
				GCC_WARN_UNINITIALIZED_AUTOS = YES_AGGRESSIVE;
				GCC_WARN_UNUSED_FUNCTION = YES;
				GCC_WARN_UNUSED_VARIABLE = YES;
				IPHONEOS_DEPLOYMENT_TARGET = 15.2;
				MTL_ENABLE_DEBUG_INFO = INCLUDE_SOURCE;
				MTL_FAST_MATH = YES;
				ONLY_ACTIVE_ARCH = YES;
				SDKROOT = iphoneos;
				SWIFT_ACTIVE_COMPILATION_CONDITIONS = DEBUG;
				SWIFT_OPTIMIZATION_LEVEL = "-Onone";
			};
			name = Debug;
		};
		BE863F5E27BE30CA00FDBD3F /* Release */ = {
			isa = XCBuildConfiguration;
			buildSettings = {
				ALWAYS_SEARCH_USER_PATHS = NO;
				CLANG_ANALYZER_NONNULL = YES;
				CLANG_ANALYZER_NUMBER_OBJECT_CONVERSION = YES_AGGRESSIVE;
				CLANG_CXX_LANGUAGE_STANDARD = "gnu++17";
				CLANG_CXX_LIBRARY = "libc++";
				CLANG_ENABLE_MODULES = YES;
				CLANG_ENABLE_OBJC_ARC = YES;
				CLANG_ENABLE_OBJC_WEAK = YES;
				CLANG_WARN_BLOCK_CAPTURE_AUTORELEASING = YES;
				CLANG_WARN_BOOL_CONVERSION = YES;
				CLANG_WARN_COMMA = YES;
				CLANG_WARN_CONSTANT_CONVERSION = YES;
				CLANG_WARN_DEPRECATED_OBJC_IMPLEMENTATIONS = YES;
				CLANG_WARN_DIRECT_OBJC_ISA_USAGE = YES_ERROR;
				CLANG_WARN_DOCUMENTATION_COMMENTS = YES;
				CLANG_WARN_EMPTY_BODY = YES;
				CLANG_WARN_ENUM_CONVERSION = YES;
				CLANG_WARN_INFINITE_RECURSION = YES;
				CLANG_WARN_INT_CONVERSION = YES;
				CLANG_WARN_NON_LITERAL_NULL_CONVERSION = YES;
				CLANG_WARN_OBJC_IMPLICIT_RETAIN_SELF = YES;
				CLANG_WARN_OBJC_LITERAL_CONVERSION = YES;
				CLANG_WARN_OBJC_ROOT_CLASS = YES_ERROR;
				CLANG_WARN_QUOTED_INCLUDE_IN_FRAMEWORK_HEADER = YES;
				CLANG_WARN_RANGE_LOOP_ANALYSIS = YES;
				CLANG_WARN_STRICT_PROTOTYPES = YES;
				CLANG_WARN_SUSPICIOUS_MOVE = YES;
				CLANG_WARN_UNGUARDED_AVAILABILITY = YES_AGGRESSIVE;
				CLANG_WARN_UNREACHABLE_CODE = YES;
				CLANG_WARN__DUPLICATE_METHOD_MATCH = YES;
				COPY_PHASE_STRIP = NO;
				DEBUG_INFORMATION_FORMAT = "dwarf-with-dsym";
				ENABLE_NS_ASSERTIONS = NO;
				ENABLE_STRICT_OBJC_MSGSEND = YES;
				GCC_C_LANGUAGE_STANDARD = gnu11;
				GCC_NO_COMMON_BLOCKS = YES;
				GCC_WARN_64_TO_32_BIT_CONVERSION = YES;
				GCC_WARN_ABOUT_RETURN_TYPE = YES_ERROR;
				GCC_WARN_UNDECLARED_SELECTOR = YES;
				GCC_WARN_UNINITIALIZED_AUTOS = YES_AGGRESSIVE;
				GCC_WARN_UNUSED_FUNCTION = YES;
				GCC_WARN_UNUSED_VARIABLE = YES;
				IPHONEOS_DEPLOYMENT_TARGET = 15.2;
				MTL_ENABLE_DEBUG_INFO = NO;
				MTL_FAST_MATH = YES;
				SDKROOT = iphoneos;
				SWIFT_COMPILATION_MODE = wholemodule;
				SWIFT_OPTIMIZATION_LEVEL = "-O";
				VALIDATE_PRODUCT = YES;
			};
			name = Release;
		};
		BE863F6027BE30CA00FDBD3F /* Debug */ = {
			isa = XCBuildConfiguration;
			buildSettings = {
				ASSETCATALOG_COMPILER_APPICON_NAME = AppIcon;
				ASSETCATALOG_COMPILER_GLOBAL_ACCENT_COLOR_NAME = AccentColor;
				CODE_SIGN_STYLE = Automatic;
				CURRENT_PROJECT_VERSION = 1;
				DEVELOPMENT_ASSET_PATHS = "\"CustomNavView/Preview Content\"";
				ENABLE_PREVIEWS = YES;
				GENERATE_INFOPLIST_FILE = YES;
				INFOPLIST_KEY_UIApplicationSceneManifest_Generation = YES;
				INFOPLIST_KEY_UIApplicationSupportsIndirectInputEvents = YES;
				INFOPLIST_KEY_UILaunchScreen_Generation = YES;
				INFOPLIST_KEY_UISupportedInterfaceOrientations_iPad = "UIInterfaceOrientationPortrait UIInterfaceOrientationPortraitUpsideDown UIInterfaceOrientationLandscapeLeft UIInterfaceOrientationLandscapeRight";
				INFOPLIST_KEY_UISupportedInterfaceOrientations_iPhone = "UIInterfaceOrientationPortrait UIInterfaceOrientationLandscapeLeft UIInterfaceOrientationLandscapeRight";
				LD_RUNPATH_SEARCH_PATHS = (
					"$(inherited)",
					"@executable_path/Frameworks",
				);
				MARKETING_VERSION = 1.0;
				PRODUCT_BUNDLE_IDENTIFIER = com.shehan.CustomNavView;
				PRODUCT_NAME = "$(TARGET_NAME)";
				SWIFT_EMIT_LOC_STRINGS = YES;
				SWIFT_VERSION = 5.0;
				TARGETED_DEVICE_FAMILY = "1,2";
			};
			name = Debug;
		};
		BE863F6127BE30CA00FDBD3F /* Release */ = {
			isa = XCBuildConfiguration;
			buildSettings = {
				ASSETCATALOG_COMPILER_APPICON_NAME = AppIcon;
				ASSETCATALOG_COMPILER_GLOBAL_ACCENT_COLOR_NAME = AccentColor;
				CODE_SIGN_STYLE = Automatic;
				CURRENT_PROJECT_VERSION = 1;
				DEVELOPMENT_ASSET_PATHS = "\"CustomNavView/Preview Content\"";
				ENABLE_PREVIEWS = YES;
				GENERATE_INFOPLIST_FILE = YES;
				INFOPLIST_KEY_UIApplicationSceneManifest_Generation = YES;
				INFOPLIST_KEY_UIApplicationSupportsIndirectInputEvents = YES;
				INFOPLIST_KEY_UILaunchScreen_Generation = YES;
				INFOPLIST_KEY_UISupportedInterfaceOrientations_iPad = "UIInterfaceOrientationPortrait UIInterfaceOrientationPortraitUpsideDown UIInterfaceOrientationLandscapeLeft UIInterfaceOrientationLandscapeRight";
				INFOPLIST_KEY_UISupportedInterfaceOrientations_iPhone = "UIInterfaceOrientationPortrait UIInterfaceOrientationLandscapeLeft UIInterfaceOrientationLandscapeRight";
				LD_RUNPATH_SEARCH_PATHS = (
					"$(inherited)",
					"@executable_path/Frameworks",
				);
				MARKETING_VERSION = 1.0;
				PRODUCT_BUNDLE_IDENTIFIER = com.shehan.CustomNavView;
				PRODUCT_NAME = "$(TARGET_NAME)";
				SWIFT_EMIT_LOC_STRINGS = YES;
				SWIFT_VERSION = 5.0;
				TARGETED_DEVICE_FAMILY = "1,2";
			};
			name = Release;
		};
/* End XCBuildConfiguration section */

/* Begin XCConfigurationList section */
		BE863F4C27BE30C800FDBD3F /* Build configuration list for PBXProject "CustomNavView" */ = {
			isa = XCConfigurationList;
			buildConfigurations = (
				BE863F5D27BE30CA00FDBD3F /* Debug */,
				BE863F5E27BE30CA00FDBD3F /* Release */,
			);
			defaultConfigurationIsVisible = 0;
			defaultConfigurationName = Release;
		};
		BE863F5F27BE30CA00FDBD3F /* Build configuration list for PBXNativeTarget "CustomNavView" */ = {
			isa = XCConfigurationList;
			buildConfigurations = (
				BE863F6027BE30CA00FDBD3F /* Debug */,
				BE863F6127BE30CA00FDBD3F /* Release */,
			);
			defaultConfigurationIsVisible = 0;
			defaultConfigurationName = Release;
		};
/* End XCConfigurationList section */
	};
	rootObject = BE863F4927BE30C800FDBD3F /* Project object */;
}
